PODS:
  - Masonry (1.1.0)
  - SDWebImage (5.8.4):
    - SDWebImage/Core (= 5.8.4)
  - SDWebImage/Core (5.8.4)
  - WJNetworking (0.2.0)

DEPENDENCIES:
  - Masonry
  - SDWebImage (~> 5.8.0)
  - WJNetworking

SPEC REPOS:
  trunk:
    - Masonry
    - SDWebImage
    - WJNetworking

SPEC CHECKSUMS:
  Masonry: 678fab65091a9290e40e2832a55e7ab731aad201
  SDWebImage: cf6922231e95550934da2ada0f20f2becf2ceba9
  WJNetworking: 502b99edacbb17431b8290c12388eca2b0ee9081

PODFILE CHECKSUM: b9aded91c4b2e26313262f8d1e05a5728098d2da

COCOAPODS: 1.9.3
